PODS:
  - AFNetworking (3.1.0):
    - AFNetworking/NSURLSession (= 3.1.0)
    - AFNetworking/Reachability (= 3.1.0)
    - AFNetworking/Security (= 3.1.0)
    - AFNetworking/Serialization (= 3.1.0)
    - AFNetworking/UIKit (= 3.1.0)
  - AFNetworking/NSURLSession (3.1.0):
    - AFNetworking/Reachability
    - AFNetworking/Security
    - AFNetworking/Serialization
  - AFNetworking/Reachability (3.1.0)
  - AFNetworking/Security (3.1.0)
  - AFNetworking/Serialization (3.1.0)
  - AFNetworking/UIKit (3.1.0):
    - AFNetworking/NSURLSession
  - CJTextView (0.0.5)
  - IQKeyboardManager (3.3.7)

DEPENDENCIES:
  - AFNetworking (~> 3.1.0)
  - CJTextView (~> 0.0.5)
  - IQKeyboardManager (~> 3.3.7)

SPEC CHECKSUMS:
  AFNetworking: 5e0e199f73d8626b11e79750991f5d173d1f8b67
  CJTextView: b849e1bc271c63b50ff67895761cdf0d1fb34ae3
  IQKeyboardManager: 249c3946acf61345c18b038eb50863fe2793e3a8

COCOAPODS: 0.39.0
